
Microsoft Visual Studio Solution File, Format Version 12.00
# Visual Studio Version 17
VisualStudioVersion = 17.5.002.0
MinimumVisualStudioVersion = 10.0.40219.1
Project("{2150E333-8FDC-42A3-9474-1A3956D46DE8}") = "src", "src", "{DDB0274D-66C0-42D8-B9C4-53FAC1AE5A55}"
EndProject
Project("{9A19103F-16F7-4668-BE54-9A1E7A4F7556}") = "todo.api", "src\todo.api\todo.api.csproj", "{0381ACED-977F-435B-AF45-A9D67AF62DBD}"
EndProject
Global
	GlobalSection(SolutionConfigurationPlatforms) = preSolution
		Debug|Any CPU = Debug|Any CPU
		Release|Any CPU = Release|Any CPU
	EndGlobalSection
	GlobalSection(ProjectConfigurationPlatforms) = postSolution
		{0381ACED-977F-435B-AF45-A9D67AF62DBD}.Debug|Any CPU.ActiveCfg = Debug|Any CPU
		{0381ACED-977F-435B-AF45-A9D67AF62DBD}.Debug|Any CPU.Build.0 = Debug|Any CPU
		{0381ACED-977F-435B-AF45-A9D67AF62DBD}.Release|Any CPU.ActiveCfg = Release|Any CPU
		{0381ACED-977F-435B-AF45-A9D67AF62DBD}.Release|Any CPU.Build.0 = Release|Any CPU
	EndGlobalSection
	GlobalSection(SolutionProperties) = preSolution
		HideSolutionNode = FALSE
	EndGlobalSection
	GlobalSection(NestedProjects) = preSolution
		{0381ACED-977F-435B-AF45-A9D67AF62DBD} = {DDB0274D-66C0-42D8-B9C4-53FAC1AE5A55}
	EndGlobalSection
	GlobalSection(ExtensibilityGlobals) = postSolution
		SolutionGuid = {433429D5-FD88-48BA-B3FE-3764625BC91B}
	EndGlobalSection
EndGlobal
